{
  "originHash" : "696ee0924c4f75185fdcbf2d68050662976e09fc62e3b0fb856016cf533f8a7d",
  "pins" : [
    {
      "identity" : "alamofire",
      "kind" : "remoteSourceControl",
      "location" : "https://github.com/Alamofire/Alamofire.git",
      "state" : {
        "revision" : "513364f870f6bfc468f9d2ff0a95caccc10044c5",
        "version" : "5.10.2"
      }
    },
    {
      "identity" : "rxswift",
      "kind" : "remoteSourceControl",
      "location" : "https://github.com/ReactiveX/RxSwift.git",
      "state" : {
        "revision" : "5dd1907d64f0d36f158f61a466bab75067224893",
        "version" : "6.9.0"
      }
    },
    {
      "identity" : "skeletonview",
      "kind" : "remoteSourceControl",
      "location" : "https://github.com/s2mr/SkeletonView.git",
      "state" : {
        "revision" : "d665d01469b4cb1b24db49689fe79317aa83024f",
        "version" : "1.7.0"
      }
    }
  ],
  "version" : 3
}
